
Microsoft Visual Studio Solution File, Format Version 12.00
# Visual Studio Version 16
VisualStudioVersion = 16.0.31729.503
MinimumVisualStudioVersion = 10.0.40219.1
Project("{9A19103F-16F7-4668-BE54-9A1E7A4F7556}") = "assignment", "assignment.csproj", "{BA030C5B-6576-4C60-8EE6-4D137B766D43}"
EndProject
Global
	GlobalSection(SolutionConfigurationPlatforms) = preSolution
		Debug|Any CPU = Debug|Any CPU
		Release|Any CPU = Release|Any CPU
	EndGlobalSection
	GlobalSection(ProjectConfigurationPlatforms) = postSolution
		{BA030C5B-6576-4C60-8EE6-4D137B766D43}.Debug|Any CPU.ActiveCfg = Debug|Any CPU
		{BA030C5B-6576-4C60-8EE6-4D137B766D43}.Debug|Any CPU.Build.0 = Debug|Any CPU
		{BA030C5B-6576-4C60-8EE6-4D137B766D43}.Release|Any CPU.ActiveCfg = Release|Any CPU
		{BA030C5B-6576-4C60-8EE6-4D137B766D43}.Release|Any CPU.Build.0 = Release|Any CPU
	EndGlobalSection
	GlobalSection(SolutionProperties) = preSolution
		HideSolutionNode = FALSE
	EndGlobalSection
	GlobalSection(ExtensibilityGlobals) = postSolution
		SolutionGuid = {DFE53005-88AB-4994-B136-9D5150D4D26E}
	EndGlobalSection
EndGlobal
